xray|25.3.6|amd64|https://github.com/XTLS/Xray-core/releases/download/v25.3.6/Xray-linux-64.zip|82d4be3a5ed8bd2621df9c9913c3a2761b86a42ae8485da836f7447ff2ec3d4d
xray|25.3.6|arm64|https://github.com/XTLS/Xray-core/releases/download/v25.3.6/Xray-linux-arm64-v8a|1595f446b3d3a2bfe4a737e3cdb4c189c8c4e271322a7a2a0f5ea735b9511e80
xray|25.2.21|amd64|https://github.com/XTLS/Xray-core/releases/download/v25.2.21/Xray-linux-64.zip|3e90f0bbb5bbb2b397f46fec96b0eb4a240448bf8d282666da2f80cbaaa24fe7
xray|25.2.21|arm64|https://github.com/XTLS/Xray-core/releases/download/v25.2.21/Xray-linux-arm64-v8a.zip|5f4d82f0d02a8646a0af0debd027503c2a8a752f04dd7f0539037ca877bb2e33
xray|24.11.30|amd64|https://github.com/XTLS/Xray-core/releases/download/v24.11.30/Xray-linux-64.zip|679d6ec1c2ecabd84ad1e2deab6e52789c52f0a387902cc72e135a3bb3949554
xray|24.11.30|amd64|https://github.com/XTLS/Xray-core/releases/download/v24.11.30/Xray-linux-64.zip|679d6ec1c2ecabd84ad1e2deab6e52789c52f0a387902cc72e135a3bb3949554
xray|24.11.30|arm64|https://github.com/XTLS/Xray-core/releases/download/v24.11.30/Xray-linux-arm64-v8a.zip|9c36a345e580897dbe1eb677d39022bf5d0149814ec10308099e1ea1b630a6de
xray|24.11.11|arm64|https://github.com/XTLS/Xray-core/releases/download/v24.11.11/Xray-linux-arm64-v8a.zip|776591f3b0b0661a45bdfad40bd2e0d18873d066f78242e05e260cf27f6b11d7
xray|24.11.11|amd64|https://github.com/XTLS/Xray-core/releases/download/v24.11.11/Xray-linux-64.zip|576efbcaf24577889429fdc8af2c590838622eff37059322a306823ed22561fc
xray|24.11.21|arm64|https://github.com/XTLS/Xray-core/releases/download/v24.11.21/Xray-linux-arm64-v8a.zip|8369d4ffc27640369646d860af9b2681319858ca3b3534409c875c1518acaa92
xray|24.11.21|amd64|https://github.com/XTLS/Xray-core/releases/download/v24.11.21/Xray-linux-64.zip|084bf895408cbd872f4973c73f6b9f84e8e4f819b9152edb19adf721446aee28
xray|24.11.5|arm64|https://github.com/XTLS/Xray-core/releases/download/v24.11.5/Xray-linux-arm64-v8a.zip|9883f5464fc2936e576f00c7e512bb281cb5b5ae8963959e23501bc1eb4735ba
xray|24.11.5|amd64|https://github.com/XTLS/Xray-core/releases/download/v24.11.5/Xray-linux-64.zip|1b0990a61006061fc9d3d7ef4645a689a7dd8959e85ff747813faa9d63baab17
xray|24.10.31|arm64|https://github.com/XTLS/Xray-core/releases/download/v24.10.31/Xray-linux-arm64-v8a.zip|4f1dae3bf549312fe43d7410ac50afe58a85d0efa36040b6f63ebc4f492138b6
xray|24.10.31|amd64|https://github.com/XTLS/Xray-core/releases/download/v24.10.31/Xray-linux-64.zip|3d3ccdbfc4c6a63eb4a5267456acb6df45f2b055aae4d751d376b378a79e7b6a
singbox|1.8.8.h4|arm64|https://github.com/hiddify/hiddify-sing-box/releases/download/v1.8.8.h4/sing-box-linux-arm64.zip|2f63be96d8b3ab031d05e029205980562cdce0f83c1a8d5a83604f35909b3e32
singbox|1.8.8.h4|amd64|https://github.com/hiddify/hiddify-sing-box/releases/download/v1.8.8.h4/sing-box-linux-amd64.zip|7f1eae5d24543d91e0a2183aa5b63a256cc5b16874a1f8a5937860e882799c34
mtproxygo|2.1.7|arm64|https://github.com/9seconds/mtg/releases/download/v2.1.7/mtg-2.1.7-linux-arm64.tar.gz|ca1897c13fbacb4a671b872ff7dad7bc5dc2b09a7d7ed8cac7034df74b5b195a
mtproxygo|2.1.7|amd64|https://github.com/9seconds/mtg/releases/download/v2.1.7/mtg-2.1.7-linux-amd64.tar.gz|af6e0cba65abe8e4e63f6e534cd6f23cc235ff987155a8a7e43e0f5b481a96e2
v2ray-plugin|1.3.2|arm64|https://github.com/shadowsocks/v2ray-plugin/releases/download/v1.3.2/v2ray-plugin-linux-arm64-v1.3.2.tar.gz|ef07467cdbd249cdec517809d281ada91c5b4640e7f003a324d145ce1e66fec3
v2ray-plugin|1.3.2|amd64|https://github.com/shadowsocks/v2ray-plugin/releases/download/v1.3.2/v2ray-plugin-linux-amd64-v1.3.2.tar.gz|b578514235b98b230f881aa2a01a7277205f85135bc09fc3832e5f3993ee541a
wgcf|2.2.23|amd64|https://github.com/ViRb3/wgcf/releases/download/v2.2.23/wgcf_2.2.23_linux_amd64|2d4f9402c85982f5e6fdc64945b41491c651bbaca4e0aaf20bc31b63d3adab42
wgcf|2.2.23|arm64|https://github.com/ViRb3/wgcf/releases/download/v2.2.23/wgcf_2.2.23_linux_arm64|3921a7af8e87be66692cf228851d0bb1290f3b1d2f2b3cebaa191dff8f0fb4c3
ssh-liberty-bridge|1.3.0|arm64|https://github.com/hiddify/ssh-liberty-bridge/releases/download/v1.3.0/ssh-liberty-bridge-arm64|78cbbbf05a4d442ea79359649df76caa9c7e8d19b8889ea2d077eb2c72122a0f
ssh-liberty-bridge|1.3.0|amd64|https://github.com/hiddify/ssh-liberty-bridge/releases/download/v1.3.0/ssh-liberty-bridge-amd64|2361ac482b5dccedab9e3910af204980353856b6a2b4da586cb67b8336bd0c9c
xray|25.6.8|arm64|https://github.com/XTLS/Xray-core/releases/download/v25.6.8/Xray-linux-arm64-v8a.zip|ca404752f27176cdaaddf929ec65a96cf18cceba403d6d97a66cdac48ef84dfe
xray|25.6.8|amd64|https://github.com/XTLS/Xray-core/releases/download/v25.6.8/Xray-linux-64.zip|51bcd3304fdbd64b58048b056da005fbaa6c83577fc351cae34024760e111e4b
